
Microsoft Visual Studio Solution File, Format Version 12.00
# Visual Studio Version 17
VisualStudioVersion = 17.4.33213.308
MinimumVisualStudioVersion = 10.0.40219.1
Project("{FAE04EC0-301F-11D3-BF4B-00C04F79EFBC}") = "PayrollSystem", "PayrollSystem\PayrollSystem.csproj", "{1C4E66B3-12AA-4381-A4BE-84818A586242}"
EndProject
Global
	GlobalSection(SolutionConfigurationPlatforms) = preSolution
		Debug|Any CPU = Debug|Any CPU
		Release|Any CPU = Release|Any CPU
	EndGlobalSection
	GlobalSection(ProjectConfigurationPlatforms) = postSolution
		{1C4E66B3-12AA-4381-A4BE-84818A586242}.Debug|Any CPU.ActiveCfg = Debug|Any CPU
		{1C4E66B3-12AA-4381-A4BE-84818A586242}.Debug|Any CPU.Build.0 = Debug|Any CPU
		{1C4E66B3-12AA-4381-A4BE-84818A586242}.Release|Any CPU.ActiveCfg = Release|Any CPU
		{1C4E66B3-12AA-4381-A4BE-84818A586242}.Release|Any CPU.Build.0 = Release|Any CPU
	EndGlobalSection
	GlobalSection(SolutionProperties) = preSolution
		HideSolutionNode = FALSE
	EndGlobalSection
	GlobalSection(ExtensibilityGlobals) = postSolution
		SolutionGuid = {A743966C-1A08-45C3-B1BC-58DFB78D4D47}
	EndGlobalSection
EndGlobal
